{
  "nodes": {
    "flake-utils": {
      "locked": {
        "lastModified": 1667395993,
        "narHash": "sha256-nuEHfE/LcWyuSWnS8t12N1wc105Qtau+/OdUAjtQ0rA=",
        "owner": "numtide",
        "repo": "flake-utils",
        "rev": "5aed5285a952e0b949eb3ba02c12fa4fcfef535f",
        "type": "github"
      },
      "original": {
        "owner": "numtide",
        "repo": "flake-utils",
        "type": "github"
      }
    },
    "nixpkgs": {
      "locked": {
        "lastModified": 1695360818,
        "narHash": "sha256-JlkN3R/SSoMTa+CasbxS1gq+GpGxXQlNZRUh9+LIy/0=",
        "path": "/nix/store/09yvj6yyxspzfivv91bcxwrjxawpk1g2-source",
        "rev": "e35dcc04a3853da485a396bdd332217d0ac9054f",
        "type": "path"
      },
      "original": {
        "id": "nixpkgs",
        "type": "indirect"
      }
    },
    "root": {
      "inputs": {
        "flake-utils": "flake-utils",
        "nixpkgs": "nixpkgs"
      }
    }
  },
  "root": "root",
  "version": 7
}
